// !$*UTF8*$!
{
	archiveVersion = 1;
	classes = {
	};
	objectVersion = 51;
	objects = {

/* Begin PBXBuildFile section */
		8133CDF00E6E3ED873AF1336 /* Pods_InstagramLab.framework in Frameworks */ = {isa = PBXBuildFile; fileRef = E7469F49A75904731612EC66 /* Pods_InstagramLab.framework */; };
		B71A13262411103C008B7646 /* UIViewControllerNavigation+Extension.swift in Sources */ = {isa = PBXBuildFile; fileRef = B71A13252411103C008B7646 /* UIViewControllerNavigation+Extension.swift */; };
		B71A132824111069008B7646 /* MainTabBarController.swift in Sources */ = {isa = PBXBuildFile; fileRef = B71A132724111069008B7646 /* MainTabBarController.swift */; };
		B71C75D32416DD9800533CDA /* FeedCollectionViewCell.xib in Resources */ = {isa = PBXBuildFile; fileRef = B71C75D22416DD9800533CDA /* FeedCollectionViewCell.xib */; };
		B71C75D92416E40F00533CDA /* FeedCollectionCell.swift in Sources */ = {isa = PBXBuildFile; fileRef = B71C75D82416E40F00533CDA /* FeedCollectionCell.swift */; };
		B74B4A522411C04900536002 /* AuthenticationSession.swift in Sources */ = {isa = PBXBuildFile; fileRef = B74B4A512411C04900536002 /* AuthenticationSession.swift */; };
		B74B4A562411CD5500536002 /* GoogleService-Info.plist in Resources */ = {isa = PBXBuildFile; fileRef = B74B4A552411CD5500536002 /* GoogleService-Info.plist */; };
		B7674124241736A700FCE21B /* ProfileCollectionViewCell.xib in Resources */ = {isa = PBXBuildFile; fileRef = B7674123241736A700FCE21B /* ProfileCollectionViewCell.xib */; };
		B76741262417378F00FCE21B /* ProfileCollectionCell.swift in Sources */ = {isa = PBXBuildFile; fileRef = B76741252417378F00FCE21B /* ProfileCollectionCell.swift */; };
		B77377522412E44700343915 /* StorageService.swift in Sources */ = {isa = PBXBuildFile; fileRef = B77377512412E44700343915 /* StorageService.swift */; };
		B77377542412E4A400343915 /* DatabaseService.swift in Sources */ = {isa = PBXBuildFile; fileRef = B77377532412E4A400343915 /* DatabaseService.swift */; };
		B77377562412E4ED00343915 /* Item.swift in Sources */ = {isa = PBXBuildFile; fileRef = B77377552412E4ED00343915 /* Item.swift */; };
		B77377582412EB3D00343915 /* UIImage+Extension.swift in Sources */ = {isa = PBXBuildFile; fileRef = B77377572412EB3D00343915 /* UIImage+Extension.swift */; };
		B773775A2412EB9A00343915 /* UIAlerts+Extensions.swift in Sources */ = {isa = PBXBuildFile; fileRef = B77377592412EB9A00343915 /* UIAlerts+Extensions.swift */; };
		B773775C2412F9E000343915 /* Post.swift in Sources */ = {isa = PBXBuildFile; fileRef = B773775B2412F9E000343915 /* Post.swift */; };
		B779B80D2410FACB003069AD /* AppDelegate.swift in Sources */ = {isa = PBXBuildFile; fileRef = B779B80C2410FACB003069AD /* AppDelegate.swift */; };
		B779B80F2410FACB003069AD /* SceneDelegate.swift in Sources */ = {isa = PBXBuildFile; fileRef = B779B80E2410FACB003069AD /* SceneDelegate.swift */; };
		B779B8112410FACB003069AD /* FeedViewController.swift in Sources */ = {isa = PBXBuildFile; fileRef = B779B8102410FACB003069AD /* FeedViewController.swift */; };
		B779B8142410FACB003069AD /* Main.storyboard in Resources */ = {isa = PBXBuildFile; fileRef = B779B8122410FACB003069AD /* Main.storyboard */; };
		B779B8162410FACC003069AD /* Assets.xcassets in Resources */ = {isa = PBXBuildFile; fileRef = B779B8152410FACC003069AD /* Assets.xcassets */; };
		B779B8192410FACC003069AD /* LaunchScreen.storyboard in Resources */ = {isa = PBXBuildFile; fileRef = B779B8172410FACC003069AD /* LaunchScreen.storyboard */; };
		B779B8212410FF34003069AD /* ProfileViewController.swift in Sources */ = {isa = PBXBuildFile; fileRef = B779B8202410FF34003069AD /* ProfileViewController.swift */; };
		B779B8232410FF53003069AD /* CreatePostViewController.swift in Sources */ = {isa = PBXBuildFile; fileRef = B779B8222410FF53003069AD /* CreatePostViewController.swift */; };
		B779B8252410FFB3003069AD /* LoginViewController.swift in Sources */ = {isa = PBXBuildFile; fileRef = B779B8242410FFB3003069AD /* LoginViewController.swift */; };
		B779B8272410FFC8003069AD /* Login.storyboard in Resources */ = {isa = PBXBuildFile; fileRef = B779B8262410FFC8003069AD /* Login.storyboard */; };
		B779B82C24110802003069AD /* 16773-fire.json in Resources */ = {isa = PBXBuildFile; fileRef = B779B82B24110802003069AD /* 16773-fire.json */; };
		B799B7692418276900C622D9 /* DesignableImageView.swift in Sources */ = {isa = PBXBuildFile; fileRef = B799B7682418276900C622D9 /* DesignableImageView.swift */; };
/* End PBXBuildFile section */

/* Begin PBXFileReference section */
		0A51460EDF7018C530D51F29 /* Pods-InstagramLab.release.xcconfig */ = {isa = PBXFileReference; includeInIndex = 1; lastKnownFileType = text.xcconfig; name = "Pods-InstagramLab.release.xcconfig"; path = "Target Support Files/Pods-InstagramLab/Pods-InstagramLab.release.xcconfig"; sourceTree = "<group>"; };
		B71A13252411103C008B7646 /* UIViewControllerNavigation+Extension.swift */ = {isa = PBXFileReference; lastKnownFileType = sourcecode.swift; path = "UIViewControllerNavigation+Extension.swift"; sourceTree = "<group>"; };
		B71A132724111069008B7646 /* MainTabBarController.swift */ = {isa = PBXFileReference; lastKnownFileType = sourcecode.swift; path = MainTabBarController.swift; sourceTree = "<group>"; };
		B71C75D22416DD9800533CDA /* FeedCollectionViewCell.xib */ = {isa = PBXFileReference; lastKnownFileType = file.xib; path = FeedCollectionViewCell.xib; sourceTree = "<group>"; };
		B71C75D82416E40F00533CDA /* FeedCollectionCell.swift */ = {isa = PBXFileReference; lastKnownFileType = sourcecode.swift; path = FeedCollectionCell.swift; sourceTree = "<group>"; };
		B74B4A512411C04900536002 /* AuthenticationSession.swift */ = {isa = PBXFileReference; lastKnownFileType = sourcecode.swift; path = AuthenticationSession.swift; sourceTree = "<group>"; };
		B74B4A552411CD5500536002 /* GoogleService-Info.plist */ = {isa = PBXFileReference; fileEncoding = 4; lastKnownFileType = text.plist.xml; path = "GoogleService-Info.plist"; sourceTree = "<group>"; };
		B7674123241736A700FCE21B /* ProfileCollectionViewCell.xib */ = {isa = PBXFileReference; lastKnownFileType = file.xib; path = ProfileCollectionViewCell.xib; sourceTree = "<group>"; };
		B76741252417378F00FCE21B /* ProfileCollectionCell.swift */ = {isa = PBXFileReference; lastKnownFileType = sourcecode.swift; path = ProfileCollectionCell.swift; sourceTree = "<group>"; };
		B77377512412E44700343915 /* StorageService.swift */ = {isa = PBXFileReference; lastKnownFileType = sourcecode.swift; path = StorageService.swift; sourceTree = "<group>"; };
		B77377532412E4A400343915 /* DatabaseService.swift */ = {isa = PBXFileReference; lastKnownFileType = sourcecode.swift; path = DatabaseService.swift; sourceTree = "<group>"; };
		B77377552412E4ED00343915 /* Item.swift */ = {isa = PBXFileReference; lastKnownFileType = sourcecode.swift; path = Item.swift; sourceTree = "<group>"; };
		B77377572412EB3D00343915 /* UIImage+Extension.swift */ = {isa = PBXFileReference; lastKnownFileType = sourcecode.swift; path = "UIImage+Extension.swift"; sourceTree = "<group>"; };
		B77377592412EB9A00343915 /* UIAlerts+Extensions.swift */ = {isa = PBXFileReference; lastKnownFileType = sourcecode.swift; path = "UIAlerts+Extensions.swift"; sourceTree = "<group>"; };
		B773775B2412F9E000343915 /* Post.swift */ = {isa = PBXFileReference; lastKnownFileType = sourcecode.swift; path = Post.swift; sourceTree = "<group>"; };
		B779B8092410FACB003069AD /* InstagramLab.app */ = {isa = PBXFileReference; explicitFileType = wrapper.application; includeInIndex = 0; path = InstagramLab.app; sourceTree = BUILT_PRODUCTS_DIR; };
		B779B80C2410FACB003069AD /* AppDelegate.swift */ = {isa = PBXFileReference; lastKnownFileType = sourcecode.swift; path = AppDelegate.swift; sourceTree = "<group>"; };
		B779B80E2410FACB003069AD /* SceneDelegate.swift */ = {isa = PBXFileReference; lastKnownFileType = sourcecode.swift; path = SceneDelegate.swift; sourceTree = "<group>"; };
		B779B8102410FACB003069AD /* FeedViewController.swift */ = {isa = PBXFileReference; lastKnownFileType = sourcecode.swift; path = FeedViewController.swift; sourceTree = "<group>"; };
		B779B8132410FACB003069AD /* Base */ = {isa = PBXFileReference; lastKnownFileType = file.storyboard; name = Base; path = Base.lproj/Main.storyboard; sourceTree = "<group>"; };
		B779B8152410FACC003069AD /* Assets.xcassets */ = {isa = PBXFileReference; lastKnownFileType = folder.assetcatalog; path = Assets.xcassets; sourceTree = "<group>"; };
		B779B8182410FACC003069AD /* Base */ = {isa = PBXFileReference; lastKnownFileType = file.storyboard; name = Base; path = Base.lproj/LaunchScreen.storyboard; sourceTree = "<group>"; };
		B779B81A2410FACC003069AD /* Info.plist */ = {isa = PBXFileReference; lastKnownFileType = text.plist.xml; path = Info.plist; sourceTree = "<group>"; };
		B779B8202410FF34003069AD /* ProfileViewController.swift */ = {isa = PBXFileReference; lastKnownFileType = sourcecode.swift; path = ProfileViewController.swift; sourceTree = "<group>"; };
		B779B8222410FF53003069AD /* CreatePostViewController.swift */ = {isa = PBXFileReference; lastKnownFileType = sourcecode.swift; path = CreatePostViewController.swift; sourceTree = "<group>"; };
		B779B8242410FFB3003069AD /* LoginViewController.swift */ = {isa = PBXFileReference; lastKnownFileType = sourcecode.swift; path = LoginViewController.swift; sourceTree = "<group>"; };
		B779B8262410FFC8003069AD /* Login.storyboard */ = {isa = PBXFileReference; lastKnownFileType = file.storyboard; path = Login.storyboard; sourceTree = "<group>"; };
		B779B82B24110802003069AD /* 16773-fire.json */ = {isa = PBXFileReference; fileEncoding = 4; lastKnownFileType = text.json; path = "16773-fire.json"; sourceTree = "<group>"; };
		B799B7682418276900C622D9 /* DesignableImageView.swift */ = {isa = PBXFileReference; lastKnownFileType = sourcecode.swift; path = DesignableImageView.swift; sourceTree = "<group>"; };
		D52AEA84A5749933BE43FFAB /* Pods-InstagramLab.debug.xcconfig */ = {isa = PBXFileReference; includeInIndex = 1; lastKnownFileType = text.xcconfig; name = "Pods-InstagramLab.debug.xcconfig"; path = "Target Support Files/Pods-InstagramLab/Pods-InstagramLab.debug.xcconfig"; sourceTree = "<group>"; };
		E7469F49A75904731612EC66 /* Pods_InstagramLab.framework */ = {isa = PBXFileReference; explicitFileType = wrapper.framework; includeInIndex = 0; path = Pods_InstagramLab.framework; sourceTree = BUILT_PRODUCTS_DIR; };
/* End PBXFileReference section */

/* Begin PBXFrameworksBuildPhase section */
		B779B8062410FACB003069AD /* Frameworks */ = {
			isa = PBXFrameworksBuildPhase;
			buildActionMask = 2147483647;
			files = (
				8133CDF00E6E3ED873AF1336 /* Pods_InstagramLab.framework in Frameworks */,
			);
			runOnlyForDeploymentPostprocessing = 0;
		};
/* End PBXFrameworksBuildPhase section */

/* Begin PBXGroup section */
		58C562A950D9ADF1DD98505B /* Frameworks */ = {
			isa = PBXGroup;
			children = (
				E7469F49A75904731612EC66 /* Pods_InstagramLab.framework */,
			);
			name = Frameworks;
			sourceTree = "<group>";
		};
		9D65A7803CF9A9720C4DF0ED /* Pods */ = {
			isa = PBXGroup;
			children = (
				D52AEA84A5749933BE43FFAB /* Pods-InstagramLab.debug.xcconfig */,
				0A51460EDF7018C530D51F29 /* Pods-InstagramLab.release.xcconfig */,
			);
			path = Pods;
			sourceTree = "<group>";
		};
		B74B4A532411C06300536002 /* Firebase Session */ = {
			isa = PBXGroup;
			children = (
				B74B4A512411C04900536002 /* AuthenticationSession.swift */,
				B77377512412E44700343915 /* StorageService.swift */,
				B77377532412E4A400343915 /* DatabaseService.swift */,
			);
			path = "Firebase Session";
			sourceTree = "<group>";
		};
		B74B4A542411C11400536002 /* Extensions */ = {
			isa = PBXGroup;
			children = (
				B71A13252411103C008B7646 /* UIViewControllerNavigation+Extension.swift */,
				B77377572412EB3D00343915 /* UIImage+Extension.swift */,
				B77377592412EB9A00343915 /* UIAlerts+Extensions.swift */,
			);
			name = Extensions;
			sourceTree = "<group>";
		};
		B779B8002410FACB003069AD = {
			isa = PBXGroup;
			children = (
				B779B80B2410FACB003069AD /* InstagramLab */,
				B779B80A2410FACB003069AD /* Products */,
				9D65A7803CF9A9720C4DF0ED /* Pods */,
				58C562A950D9ADF1DD98505B /* Frameworks */,
			);
			sourceTree = "<group>";
		};
		B779B80A2410FACB003069AD /* Products */ = {
			isa = PBXGroup;
			children = (
				B779B8092410FACB003069AD /* InstagramLab.app */,
			);
			name = Products;
			sourceTree = "<group>";
		};
		B779B80B2410FACB003069AD /* InstagramLab */ = {
			isa = PBXGroup;
			children = (
				B77377552412E4ED00343915 /* Item.swift */,
				B773775B2412F9E000343915 /* Post.swift */,
				B779B82D24110813003069AD /* LottieAnimation */,
				B779B82A2410FFF5003069AD /* Support Files */,
				B779B8282410FFCD003069AD /* Controllers */,
				B779B8292410FFD6003069AD /* Storyboards */,
				B779B8152410FACC003069AD /* Assets.xcassets */,
				B779B81A2410FACC003069AD /* Info.plist */,
				B74B4A552411CD5500536002 /* GoogleService-Info.plist */,
				B74B4A542411C11400536002 /* Extensions */,
				B74B4A532411C06300536002 /* Firebase Session */,
			);
			path = InstagramLab;
			sourceTree = "<group>";
		};
		B779B8282410FFCD003069AD /* Controllers */ = {
			isa = PBXGroup;
			children = (
				B779B8242410FFB3003069AD /* LoginViewController.swift */,
				B71A132724111069008B7646 /* MainTabBarController.swift */,
				B779B8102410FACB003069AD /* FeedViewController.swift */,
				B779B8202410FF34003069AD /* ProfileViewController.swift */,
				B71C75D82416E40F00533CDA /* FeedCollectionCell.swift */,
				B76741252417378F00FCE21B /* ProfileCollectionCell.swift */,
				B779B8222410FF53003069AD /* CreatePostViewController.swift */,
				B71C75D22416DD9800533CDA /* FeedCollectionViewCell.xib */,
				B7674123241736A700FCE21B /* ProfileCollectionViewCell.xib */,
				B799B7682418276900C622D9 /* DesignableImageView.swift */,
			);
			path = Controllers;
			sourceTree = "<group>";
		};
		B779B8292410FFD6003069AD /* Storyboards */ = {
			isa = PBXGroup;
			children = (
				B779B8172410FACC003069AD /* LaunchScreen.storyboard */,
				B779B8122410FACB003069AD /* Main.storyboard */,
				B779B8262410FFC8003069AD /* Login.storyboard */,
			);
			path = Storyboards;
			sourceTree = "<group>";
		};
		B779B82A2410FFF5003069AD /* Support Files */ = {
			isa = PBXGroup;
			children = (
				B779B80C2410FACB003069AD /* AppDelegate.swift */,
				B779B80E2410FACB003069AD /* SceneDelegate.swift */,
			);
			path = "Support Files";
			sourceTree = "<group>";
		};
		B779B82D24110813003069AD /* LottieAnimation */ = {
			isa = PBXGroup;
			children = (
				B779B82B24110802003069AD /* 16773-fire.json */,
			);
			path = LottieAnimation;
			sourceTree = "<group>";
		};
/* End PBXGroup section */

/* Begin PBXNativeTarget section */
		B779B8082410FACB003069AD /* InstagramLab */ = {
			isa = PBXNativeTarget;
			buildConfigurationList = B779B81D2410FACC003069AD /* Build configuration list for PBXNativeTarget "InstagramLab" */;
			buildPhases = (
				514B6B28FAD76E5FEE2FFB9A /* [CP] Check Pods Manifest.lock */,
				B779B8052410FACB003069AD /* Sources */,
				B779B8062410FACB003069AD /* Frameworks */,
				B779B8072410FACB003069AD /* Resources */,
				164F35EF9DB4441B9A0CAC03 /* [CP] Embed Pods Frameworks */,
			);
			buildRules = (
			);
			dependencies = (
			);
			name = InstagramLab;
			productName = InstagramLab;
			productReference = B779B8092410FACB003069AD /* InstagramLab.app */;
			productType = "com.apple.product-type.application";
		};
/* End PBXNativeTarget section */

/* Begin PBXProject section */
		B779B8012410FACB003069AD /* Project object */ = {
			isa = PBXProject;
			attributes = {
				LastSwiftUpdateCheck = 1130;
				LastUpgradeCheck = 1130;
				ORGANIZATIONNAME = "Brendon Cecilio";
				TargetAttributes = {
					B779B8082410FACB003069AD = {
						CreatedOnToolsVersion = 11.3.1;
					};
				};
			};
			buildConfigurationList = B779B8042410FACB003069AD /* Build configuration list for PBXProject "InstagramLab" */;
			compatibilityVersion = "Xcode 9.3";
			developmentRegion = en;
			hasScannedForEncodings = 0;
			knownRegions = (
				en,
				Base,
			);
			mainGroup = B779B8002410FACB003069AD;
			productRefGroup = B779B80A2410FACB003069AD /* Products */;
			projectDirPath = "";
			projectRoot = "";
			targets = (
				B779B8082410FACB003069AD /* InstagramLab */,
			);
		};
/* End PBXProject section */

/* Begin PBXResourcesBuildPhase section */
		B779B8072410FACB003069AD /* Resources */ = {
			isa = PBXResourcesBuildPhase;
			buildActionMask = 2147483647;
			files = (
				B779B8272410FFC8003069AD /* Login.storyboard in Resources */,
				B74B4A562411CD5500536002 /* GoogleService-Info.plist in Resources */,
				B779B8192410FACC003069AD /* LaunchScreen.storyboard in Resources */,
				B779B8162410FACC003069AD /* Assets.xcassets in Resources */,
				B71C75D32416DD9800533CDA /* FeedCollectionViewCell.xib in Resources */,
				B779B82C24110802003069AD /* 16773-fire.json in Resources */,
				B7674124241736A700FCE21B /* ProfileCollectionViewCell.xib in Resources */,
				B779B8142410FACB003069AD /* Main.storyboard in Resources */,
			);
			runOnlyForDeploymentPostprocessing = 0;
		};
/* End PBXResourcesBuildPhase section */

/* Begin PBXShellScriptBuildPhase section */
		164F35EF9DB4441B9A0CAC03 /* [CP] Embed Pods Frameworks */ = {
			isa = PBXShellScriptBuildPhase;
			buildActionMask = 2147483647;
			files = (
			);
			inputFileListPaths = (
				"${PODS_ROOT}/Target Support Files/Pods-InstagramLab/Pods-InstagramLab-frameworks-${CONFIGURATION}-input-files.xcfilelist",
			);
			name = "[CP] Embed Pods Frameworks";
			outputFileListPaths = (
				"${PODS_ROOT}/Target Support Files/Pods-InstagramLab/Pods-InstagramLab-frameworks-${CONFIGURATION}-output-files.xcfilelist",
			);
			runOnlyForDeploymentPostprocessing = 0;
			shellPath = /bin/sh;
			shellScript = "\"${PODS_ROOT}/Target Support Files/Pods-InstagramLab/Pods-InstagramLab-frameworks.sh\"\n";
			showEnvVarsInLog = 0;
		};
		514B6B28FAD76E5FEE2FFB9A /* [CP] Check Pods Manifest.lock */ = {
			isa = PBXShellScriptBuildPhase;
			buildActionMask = 2147483647;
			files = (
			);
			inputFileListPaths = (
			);
			inputPaths = (
				"${PODS_PODFILE_DIR_PATH}/Podfile.lock",
				"${PODS_ROOT}/Manifest.lock",
			);
			name = "[CP] Check Pods Manifest.lock";
			outputFileListPaths = (
			);
			outputPaths = (
				"$(DERIVED_FILE_DIR)/Pods-InstagramLab-checkManifestLockResult.txt",
			);
			runOnlyForDeploymentPostprocessing = 0;
			shellPath = /bin/sh;
			shellScript = "diff \"${PODS_PODFILE_DIR_PATH}/Podfile.lock\" \"${PODS_ROOT}/Manifest.lock\" > /dev/null\nif [ $? != 0 ] ; then\n    # print error to STDERR\n    echo \"error: The sandbox is not in sync with the Podfile.lock. Run 'pod install' or update your CocoaPods installation.\" >&2\n    exit 1\nfi\n# This output is used by Xcode 'outputs' to avoid re-running this script phase.\necho \"SUCCESS\" > \"${SCRIPT_OUTPUT_FILE_0}\"\n";
			showEnvVarsInLog = 0;
		};
/* End PBXShellScriptBuildPhase section */

/* Begin PBXSourcesBuildPhase section */
		B779B8052410FACB003069AD /* Sources */ = {
			isa = PBXSourcesBuildPhase;
			buildActionMask = 2147483647;
			files = (
				B77377582412EB3D00343915 /* UIImage+Extension.swift in Sources */,
				B779B8252410FFB3003069AD /* LoginViewController.swift in Sources */,
				B74B4A522411C04900536002 /* AuthenticationSession.swift in Sources */,
				B71C75D92416E40F00533CDA /* FeedCollectionCell.swift in Sources */,
				B779B8232410FF53003069AD /* CreatePostViewController.swift in Sources */,
				B71A132824111069008B7646 /* MainTabBarController.swift in Sources */,
				B77377562412E4ED00343915 /* Item.swift in Sources */,
				B779B8112410FACB003069AD /* FeedViewController.swift in Sources */,
				B77377522412E44700343915 /* StorageService.swift in Sources */,
				B71A13262411103C008B7646 /* UIViewControllerNavigation+Extension.swift in Sources */,
				B773775C2412F9E000343915 /* Post.swift in Sources */,
				B779B80D2410FACB003069AD /* AppDelegate.swift in Sources */,
				B76741262417378F00FCE21B /* ProfileCollectionCell.swift in Sources */,
				B779B8212410FF34003069AD /* ProfileViewController.swift in Sources */,
				B779B80F2410FACB003069AD /* SceneDelegate.swift in Sources */,
				B773775A2412EB9A00343915 /* UIAlerts+Extensions.swift in Sources */,
				B799B7692418276900C622D9 /* DesignableImageView.swift in Sources */,
				B77377542412E4A400343915 /* DatabaseService.swift in Sources */,
			);
			runOnlyForDeploymentPostprocessing = 0;
		};
/* End PBXSourcesBuildPhase section */

/* Begin PBXVariantGroup section */
		B779B8122410FACB003069AD /* Main.storyboard */ = {
			isa = PBXVariantGroup;
			children = (
				B779B8132410FACB003069AD /* Base */,
			);
			name = Main.storyboard;
			sourceTree = "<group>";
		};
		B779B8172410FACC003069AD /* LaunchScreen.storyboard */ = {
			isa = PBXVariantGroup;
			children = (
				B779B8182410FACC003069AD /* Base */,
			);
			name = LaunchScreen.storyboard;
			sourceTree = "<group>";
		};
/* End PBXVariantGroup section */

/* Begin XCBuildConfiguration section */
		B779B81B2410FACC003069AD /* Debug */ = {
			isa = XCBuildConfiguration;
			buildSettings = {
				ALWAYS_SEARCH_USER_PATHS = NO;
				CLANG_ANALYZER_NONNULL = YES;
				CLANG_ANALYZER_NUMBER_OBJECT_CONVERSION = YES_AGGRESSIVE;
				CLANG_CXX_LANGUAGE_STANDARD = "gnu++14";
				CLANG_CXX_LIBRARY = "libc++";
				CLANG_ENABLE_MODULES = YES;
				CLANG_ENABLE_OBJC_ARC = YES;
				CLANG_ENABLE_OBJC_WEAK = YES;
				CLANG_WARN_BLOCK_CAPTURE_AUTORELEASING = YES;
				CLANG_WARN_BOOL_CONVERSION = YES;
				CLANG_WARN_COMMA = YES;
				CLANG_WARN_CONSTANT_CONVERSION = YES;
				CLANG_WARN_DEPRECATED_OBJC_IMPLEMENTATIONS = YES;
				CLANG_WARN_DIRECT_OBJC_ISA_USAGE = YES_ERROR;
				CLANG_WARN_DOCUMENTATION_COMMENTS = YES;
				CLANG_WARN_EMPTY_BODY = YES;
				CLANG_WARN_ENUM_CONVERSION = YES;
				CLANG_WARN_INFINITE_RECURSION = YES;
				CLANG_WARN_INT_CONVERSION = YES;
				CLANG_WARN_NON_LITERAL_NULL_CONVERSION = YES;
				CLANG_WARN_OBJC_IMPLICIT_RETAIN_SELF = YES;
				CLANG_WARN_OBJC_LITERAL_CONVERSION = YES;
				CLANG_WARN_OBJC_ROOT_CLASS = YES_ERROR;
				CLANG_WARN_RANGE_LOOP_ANALYSIS = YES;
				CLANG_WARN_STRICT_PROTOTYPES = YES;
				CLANG_WARN_SUSPICIOUS_MOVE = YES;
				CLANG_WARN_UNGUARDED_AVAILABILITY = YES_AGGRESSIVE;
				CLANG_WARN_UNREACHABLE_CODE = YES;
				CLANG_WARN__DUPLICATE_METHOD_MATCH = YES;
				COPY_PHASE_STRIP = NO;
				DEBUG_INFORMATION_FORMAT = dwarf;
				ENABLE_STRICT_OBJC_MSGSEND = YES;
				ENABLE_TESTABILITY = YES;
				GCC_C_LANGUAGE_STANDARD = gnu11;
				GCC_DYNAMIC_NO_PIC = NO;
				GCC_NO_COMMON_BLOCKS = YES;
				GCC_OPTIMIZATION_LEVEL = 0;
				GCC_PREPROCESSOR_DEFINITIONS = (
					"DEBUG=1",
					"$(inherited)",
				);
				GCC_WARN_64_TO_32_BIT_CONVERSION = YES;
				GCC_WARN_ABOUT_RETURN_TYPE = YES_ERROR;
				GCC_WARN_UNDECLARED_SELECTOR = YES;
				GCC_WARN_UNINITIALIZED_AUTOS = YES_AGGRESSIVE;
				GCC_WARN_UNUSED_FUNCTION = YES;
				GCC_WARN_UNUSED_VARIABLE = YES;
				IPHONEOS_DEPLOYMENT_TARGET = 13.2;
				MTL_ENABLE_DEBUG_INFO = INCLUDE_SOURCE;
				MTL_FAST_MATH = YES;
				ONLY_ACTIVE_ARCH = YES;
				SDKROOT = iphoneos;
				SWIFT_ACTIVE_COMPILATION_CONDITIONS = DEBUG;
				SWIFT_OPTIMIZATION_LEVEL = "-Onone";
			};
			name = Debug;
		};
		B779B81C2410FACC003069AD /* Release */ = {
			isa = XCBuildConfiguration;
			buildSettings = {
				ALWAYS_SEARCH_USER_PATHS = NO;
				CLANG_ANALYZER_NONNULL = YES;
				CLANG_ANALYZER_NUMBER_OBJECT_CONVERSION = YES_AGGRESSIVE;
				CLANG_CXX_LANGUAGE_STANDARD = "gnu++14";
				CLANG_CXX_LIBRARY = "libc++";
				CLANG_ENABLE_MODULES = YES;
				CLANG_ENABLE_OBJC_ARC = YES;
				CLANG_ENABLE_OBJC_WEAK = YES;
				CLANG_WARN_BLOCK_CAPTURE_AUTORELEASING = YES;
				CLANG_WARN_BOOL_CONVERSION = YES;
				CLANG_WARN_COMMA = YES;
				CLANG_WARN_CONSTANT_CONVERSION = YES;
				CLANG_WARN_DEPRECATED_OBJC_IMPLEMENTATIONS = YES;
				CLANG_WARN_DIRECT_OBJC_ISA_USAGE = YES_ERROR;
				CLANG_WARN_DOCUMENTATION_COMMENTS = YES;
				CLANG_WARN_EMPTY_BODY = YES;
				CLANG_WARN_ENUM_CONVERSION = YES;
				CLANG_WARN_INFINITE_RECURSION = YES;
				CLANG_WARN_INT_CONVERSION = YES;
				CLANG_WARN_NON_LITERAL_NULL_CONVERSION = YES;
				CLANG_WARN_OBJC_IMPLICIT_RETAIN_SELF = YES;
				CLANG_WARN_OBJC_LITERAL_CONVERSION = YES;
				CLANG_WARN_OBJC_ROOT_CLASS = YES_ERROR;
				CLANG_WARN_RANGE_LOOP_ANALYSIS = YES;
				CLANG_WARN_STRICT_PROTOTYPES = YES;
				CLANG_WARN_SUSPICIOUS_MOVE = YES;
				CLANG_WARN_UNGUARDED_AVAILABILITY = YES_AGGRESSIVE;
				CLANG_WARN_UNREACHABLE_CODE = YES;
				CLANG_WARN__DUPLICATE_METHOD_MATCH = YES;
				COPY_PHASE_STRIP = NO;
				DEBUG_INFORMATION_FORMAT = "dwarf-with-dsym";
				ENABLE_NS_ASSERTIONS = NO;
				ENABLE_STRICT_OBJC_MSGSEND = YES;
				GCC_C_LANGUAGE_STANDARD = gnu11;
				GCC_NO_COMMON_BLOCKS = YES;
				GCC_WARN_64_TO_32_BIT_CONVERSION = YES;
				GCC_WARN_ABOUT_RETURN_TYPE = YES_ERROR;
				GCC_WARN_UNDECLARED_SELECTOR = YES;
				GCC_WARN_UNINITIALIZED_AUTOS = YES_AGGRESSIVE;
				GCC_WARN_UNUSED_FUNCTION = YES;
				GCC_WARN_UNUSED_VARIABLE = YES;
				IPHONEOS_DEPLOYMENT_TARGET = 13.2;
				MTL_ENABLE_DEBUG_INFO = NO;
				MTL_FAST_MATH = YES;
				SDKROOT = iphoneos;
				SWIFT_COMPILATION_MODE = wholemodule;
				SWIFT_OPTIMIZATION_LEVEL = "-O";
				VALIDATE_PRODUCT = YES;
			};
			name = Release;
		};
		B779B81E2410FACC003069AD /* Debug */ = {
			isa = XCBuildConfiguration;
			baseConfigurationReference = D52AEA84A5749933BE43FFAB /* Pods-InstagramLab.debug.xcconfig */;
			buildSettings = {
				ASSETCATALOG_COMPILER_APPICON_NAME = AppIcon;
				CODE_SIGN_STYLE = Automatic;
				DEVELOPMENT_TEAM = 26RHXP32FH;
				INFOPLIST_FILE = InstagramLab/Info.plist;
				LD_RUNPATH_SEARCH_PATHS = (
					"$(inherited)",
					"@executable_path/Frameworks",
				);
				PRODUCT_BUNDLE_IDENTIFIER = com.bcecilio.InstagramLab;
				PRODUCT_NAME = "$(TARGET_NAME)";
				SWIFT_VERSION = 5.0;
				TARGETED_DEVICE_FAMILY = "1,2";
			};
			name = Debug;
		};
		B779B81F2410FACC003069AD /* Release */ = {
			isa = XCBuildConfiguration;
			baseConfigurationReference = 0A51460EDF7018C530D51F29 /* Pods-InstagramLab.release.xcconfig */;
			buildSettings = {
				ASSETCATALOG_COMPILER_APPICON_NAME = AppIcon;
				CODE_SIGN_STYLE = Automatic;
				DEVELOPMENT_TEAM = 26RHXP32FH;
				INFOPLIST_FILE = InstagramLab/Info.plist;
				LD_RUNPATH_SEARCH_PATHS = (
					"$(inherited)",
					"@executable_path/Frameworks",
				);
				PRODUCT_BUNDLE_IDENTIFIER = com.bcecilio.InstagramLab;
				PRODUCT_NAME = "$(TARGET_NAME)";
				SWIFT_VERSION = 5.0;
				TARGETED_DEVICE_FAMILY = "1,2";
			};
			name = Release;
		};
/* End XCBuildConfiguration section */

/* Begin XCConfigurationList section */
		B779B8042410FACB003069AD /* Build configuration list for PBXProject "InstagramLab" */ = {
			isa = XCConfigurationList;
			buildConfigurations = (
				B779B81B2410FACC003069AD /* Debug */,
				B779B81C2410FACC003069AD /* Release */,
			);
			defaultConfigurationIsVisible = 0;
			defaultConfigurationName = Release;
		};
		B779B81D2410FACC003069AD /* Build configuration list for PBXNativeTarget "InstagramLab" */ = {
			isa = XCConfigurationList;
			buildConfigurations = (
				B779B81E2410FACC003069AD /* Debug */,
				B779B81F2410FACC003069AD /* Release */,
			);
			defaultConfigurationIsVisible = 0;
			defaultConfigurationName = Release;
		};
/* End XCConfigurationList section */
	};
	rootObject = B779B8012410FACB003069AD /* Project object */;
}
